<?xml version="1.0" encoding="utf-8"?>
<Project ToolsVersion="17.0" xmlns="http://schemas.microsoft.com/developer/msbuild/2003">
  <ItemGroup>
    <ClCompile Include="G:\Mi unidad\Up\Programacion Avanzada\Proyecto final\Duum\Classes\AppDelegate.cpp">
      <Filter>Source Files\Classes</Filter>
    </ClCompile>
    <ClCompile Include="G:\Mi unidad\Up\Programacion Avanzada\Proyecto final\Duum\Classes\HelloWorldScene.cpp">
      <Filter>Source Files\Classes</Filter>
    </ClCompile>
    <ClCompile Include="G:\Mi unidad\Up\Programacion Avanzada\Proyecto final\Duum\proj.win32\main.cpp">
      <Filter>Source Files\proj.win32</Filter>
    </ClCompile>
    <ClCompile Include="G:\Mi unidad\Up\Programacion Avanzada\Proyecto final\Duum\cocos2d\cocos\precheader.cpp">
      <Filter>Source Files</Filter>
    </ClCompile>
    <ClCompile Include="Classes\TestScene.cpp">
      <Filter>Source Files\Classes</Filter>
    </ClCompile>
  </ItemGroup>
  <ItemGroup>
    <ClInclude Include="G:\Mi unidad\Up\Programacion Avanzada\Proyecto final\Duum\Classes\AppDelegate.h">
      <Filter>Source Files\Classes</Filter>
    </ClInclude>
    <ClInclude Include="G:\Mi unidad\Up\Programacion Avanzada\Proyecto final\Duum\Classes\HelloWorldScene.h">
      <Filter>Source Files\Classes</Filter>
    </ClInclude>
    <ClInclude Include="G:\Mi unidad\Up\Programacion Avanzada\Proyecto final\Duum\proj.win32\main.h">
      <Filter>Source Files\proj.win32</Filter>
    </ClInclude>
    <ClInclude Include="G:\Mi unidad\Up\Programacion Avanzada\Proyecto final\Duum\proj.win32\resource.h">
      <Filter>Source Files\proj.win32</Filter>
    </ClInclude>
    <ClInclude Include="G:\Mi unidad\Up\Programacion Avanzada\Proyecto final\Duum\Resources\CloseNormal.png">
      <Filter>Resources</Filter>
    </ClInclude>
    <ClInclude Include="G:\Mi unidad\Up\Programacion Avanzada\Proyecto final\Duum\Resources\CloseSelected.png">
      <Filter>Resources</Filter>
    </ClInclude>
    <ClInclude Include="G:\Mi unidad\Up\Programacion Avanzada\Proyecto final\Duum\Resources\HelloWorld.png">
      <Filter>Resources</Filter>
    </ClInclude>
    <ClInclude Include="G:\Mi unidad\Up\Programacion Avanzada\Proyecto final\Duum\Resources\fonts\Marker Felt.ttf">
      <Filter>Resources\fonts</Filter>
    </ClInclude>
    <ClInclude Include="G:\Mi unidad\Up\Programacion Avanzada\Proyecto final\Duum\Resources\fonts\arial.ttf">
      <Filter>Resources\fonts</Filter>
    </ClInclude>
    <ClInclude Include="G:\Mi unidad\Up\Programacion Avanzada\Proyecto final\Duum\Resources\res\.gitkeep">
      <Filter>Resources\res</Filter>
    </ClInclude>
    <ClInclude Include="Classes\TestScene.h">
      <Filter>Source Files\Classes</Filter>
    </ClInclude>
  </ItemGroup>
  <ItemGroup>
    <CustomBuild Include="G:\Mi unidad\Up\Programacion Avanzada\Proyecto final\Duum\CMakeLists.txt" />
  </ItemGroup>
  <ItemGroup>
    <ResourceCompile Include="G:\Mi unidad\Up\Programacion Avanzada\Proyecto final\Duum\proj.win32\game.rc">
      <Filter>Source Files\proj.win32</Filter>
    </ResourceCompile>
  </ItemGroup>
  <ItemGroup>
    <Filter Include="Resources">
      <UniqueIdentifier>{1D3C3FB8-AFF4-3CB5-952F-F6D2C2DF8C67}</UniqueIdentifier>
    </Filter>
    <Filter Include="Resources\fonts">
      <UniqueIdentifier>{AE823B50-E4FA-3569-A7F7-7BB927AB5E44}</UniqueIdentifier>
    </Filter>
    <Filter Include="Resources\res">
      <UniqueIdentifier>{4966B341-60A3-31AA-B27C-F5A26D6B0B9D}</UniqueIdentifier>
    </Filter>
    <Filter Include="Source Files">
      <UniqueIdentifier>{085C36B1-B9E4-366B-A514-4A0B6B49D9C7}</UniqueIdentifier>
    </Filter>
    <Filter Include="Source Files\Classes">
      <UniqueIdentifier>{247061A6-FC43-3B2B-B894-47AC6FBB635A}</UniqueIdentifier>
    </Filter>
    <Filter Include="Source Files\proj.win32">
      <UniqueIdentifier>{9385A07B-BB2C-3D65-B43D-9EB342E73857}</UniqueIdentifier>
    </Filter>
    <Filter Include="Source Files\Classes\Textures">
      <UniqueIdentifier>{cab74007-dd9c-4490-872a-11e9ec364a2b}</UniqueIdentifier>
    </Filter>
  </ItemGroup>
  <ItemGroup>
    <None Include="Resources\Textures\wall_1.ppm">
      <Filter>Resources</Filter>
    </None>
  </ItemGroup>
</Project>