<?xml version="1.0" encoding="utf-8"?>
<Project ToolsVersion="17.0" xmlns="http://schemas.microsoft.com/developer/msbuild/2003">
  <ItemGroup>
    <ClCompile Include="G:\Mi unidad\Up\Programacion Avanzada\Proyecto final\Duum\Classes\AppDelegate.cpp">
      <Filter>Source Files\Classes</Filter>
    </ClCompile>
    <ClCompile Include="G:\Mi unidad\Up\Programacion Avanzada\Proyecto final\Duum\Classes\HelloWorldScene.cpp">
      <Filter>Source Files\Classes</Filter>
    </ClCompile>
    <ClCompile Include="G:\Mi unidad\Up\Programacion Avanzada\Proyecto final\Duum\proj.win32\main.cpp">
      <Filter>Source Files\proj.win32</Filter>
    </ClCompile>
    <ClCompile Include="G:\Mi unidad\Up\Programacion Avanzada\Proyecto final\Duum\cocos2d\cocos\precheader.cpp">
      <Filter>Source Files</Filter>
    </ClCompile>
    <ClCompile Include="Classes\AngleUtil.cpp">
      <Filter>Source Files\Classes</Filter>
    </ClCompile>
    <ClCompile Include="Classes\BetterSprite.cpp">
      <Filter>Source Files\Classes</Filter>
    </ClCompile>
    <ClCompile Include="Classes\Sprites\zombie\zombie.cpp">
      <Filter>Source Files\Classes\Sprites\zombie</Filter>
    </ClCompile>
    <ClCompile Include="Classes\Sprites\imp\imp.cpp">
      <Filter>Source Files\Classes\Sprites\imp</Filter>
    </ClCompile>
    <ClCompile Include="Classes\Sprites\cacodemon\cacodemon.cpp">
      <Filter>Source Files\Classes\Sprites\cacodemon</Filter>
    </ClCompile>
    <ClCompile Include="Classes\Sprites\imp\imp_projectile.cpp">
      <Filter>Source Files\Classes\Sprites\imp</Filter>
    </ClCompile>
    <ClCompile Include="Classes\Sprites\misc\ebarrel.cpp">
      <Filter>Source Files\Classes\Sprites\misc</Filter>
    </ClCompile>
    <ClCompile Include="Classes\player.cpp">
      <Filter>Source Files\Classes</Filter>
    </ClCompile>
    <ClCompile Include="Classes\TestScene.cpp">
      <Filter>Source Files\Classes</Filter>
    </ClCompile>
  </ItemGroup>
  <ItemGroup>
    <ClInclude Include="G:\Mi unidad\Up\Programacion Avanzada\Proyecto final\Duum\Classes\AppDelegate.h">
      <Filter>Source Files\Classes</Filter>
    </ClInclude>
    <ClInclude Include="G:\Mi unidad\Up\Programacion Avanzada\Proyecto final\Duum\Classes\HelloWorldScene.h">
      <Filter>Source Files\Classes</Filter>
    </ClInclude>
    <ClInclude Include="G:\Mi unidad\Up\Programacion Avanzada\Proyecto final\Duum\proj.win32\main.h">
      <Filter>Source Files\proj.win32</Filter>
    </ClInclude>
    <ClInclude Include="G:\Mi unidad\Up\Programacion Avanzada\Proyecto final\Duum\proj.win32\resource.h">
      <Filter>Source Files\proj.win32</Filter>
    </ClInclude>
    <ClInclude Include="G:\Mi unidad\Up\Programacion Avanzada\Proyecto final\Duum\Resources\CloseNormal.png">
      <Filter>Resources</Filter>
    </ClInclude>
    <ClInclude Include="G:\Mi unidad\Up\Programacion Avanzada\Proyecto final\Duum\Resources\CloseSelected.png">
      <Filter>Resources</Filter>
    </ClInclude>
    <ClInclude Include="G:\Mi unidad\Up\Programacion Avanzada\Proyecto final\Duum\Resources\HelloWorld.png">
      <Filter>Resources</Filter>
    </ClInclude>
    <ClInclude Include="G:\Mi unidad\Up\Programacion Avanzada\Proyecto final\Duum\Resources\Textures\wall_1.h">
      <Filter>Resources\Textures</Filter>
    </ClInclude>
    <ClInclude Include="G:\Mi unidad\Up\Programacion Avanzada\Proyecto final\Duum\Resources\Textures\wall_1.ppm">
      <Filter>Resources\Textures</Filter>
    </ClInclude>
    <ClInclude Include="G:\Mi unidad\Up\Programacion Avanzada\Proyecto final\Duum\Resources\fonts\Marker Felt.ttf">
      <Filter>Resources\fonts</Filter>
    </ClInclude>
    <ClInclude Include="G:\Mi unidad\Up\Programacion Avanzada\Proyecto final\Duum\Resources\fonts\arial.ttf">
      <Filter>Resources\fonts</Filter>
    </ClInclude>
    <ClInclude Include="G:\Mi unidad\Up\Programacion Avanzada\Proyecto final\Duum\Resources\res\.gitkeep">
      <Filter>Resources\res</Filter>
    </ClInclude>
    <ClInclude Include="Classes\AngleUtil.h">
      <Filter>Source Files\Classes</Filter>
    </ClInclude>
    <ClInclude Include="Classes\BetterSprite.h">
      <Filter>Source Files\Classes</Filter>
    </ClInclude>
    <ClInclude Include="Classes\Sprites\sprites.h">
      <Filter>Source Files\Classes\Sprites</Filter>
    </ClInclude>
    <ClInclude Include="Classes\Textures\texture_1.h">
      <Filter>Source Files\Classes\Textures</Filter>
    </ClInclude>
    <ClInclude Include="Classes\Textures\texture_2.h">
      <Filter>Source Files\Classes\Textures</Filter>
    </ClInclude>
    <ClInclude Include="Classes\Textures\texture_3.h">
      <Filter>Source Files\Classes\Textures</Filter>
    </ClInclude>
    <ClInclude Include="Classes\Textures\texture_4.h">
      <Filter>Source Files\Classes\Textures</Filter>
    </ClInclude>
    <ClInclude Include="Classes\Textures\texture_5.h">
      <Filter>Source Files\Classes\Textures</Filter>
    </ClInclude>
    <ClInclude Include="Classes\Textures\texture_6.h">
      <Filter>Source Files\Classes\Textures</Filter>
    </ClInclude>
    <ClInclude Include="Classes\Textures\texture_7.h">
      <Filter>Source Files\Classes\Textures</Filter>
    </ClInclude>
    <ClInclude Include="Classes\Textures\texture_8.h">
      <Filter>Source Files\Classes\Textures</Filter>
    </ClInclude>
    <ClInclude Include="Classes\Textures\texture_9.h">
      <Filter>Source Files\Classes\Textures</Filter>
    </ClInclude>
    <ClInclude Include="Classes\Textures\texture_10.h">
      <Filter>Source Files\Classes\Textures</Filter>
    </ClInclude>
    <ClInclude Include="Classes\Textures\texture_11.h">
      <Filter>Source Files\Classes\Textures</Filter>
    </ClInclude>
    <ClInclude Include="Classes\Textures\texture_12.h">
      <Filter>Source Files\Classes\Textures</Filter>
    </ClInclude>
    <ClInclude Include="Classes\Textures\texture_13.h">
      <Filter>Source Files\Classes\Textures</Filter>
    </ClInclude>
    <ClInclude Include="Classes\Textures\texture_14.h">
      <Filter>Source Files\Classes\Textures</Filter>
    </ClInclude>
    <ClInclude Include="Classes\Textures\texture_15.h">
      <Filter>Source Files\Classes\Textures</Filter>
    </ClInclude>
    <ClInclude Include="Classes\Textures\texture_16.h">
      <Filter>Source Files\Classes\Textures</Filter>
    </ClInclude>
    <ClInclude Include="Classes\Textures\texture_17.h">
      <Filter>Source Files\Classes\Textures</Filter>
    </ClInclude>
    <ClInclude Include="Classes\Textures\texture_18.h">
      <Filter>Source Files\Classes\Textures</Filter>
    </ClInclude>
    <ClInclude Include="Classes\Textures\texture_19.h">
      <Filter>Source Files\Classes\Textures</Filter>
    </ClInclude>
    <ClInclude Include="Classes\Textures\texture_20.h">
      <Filter>Source Files\Classes\Textures</Filter>
    </ClInclude>
    <ClInclude Include="Classes\Textures\texture_21.h">
      <Filter>Source Files\Classes\Textures</Filter>
    </ClInclude>
    <ClInclude Include="Classes\Textures\texture_22.h">
      <Filter>Source Files\Classes\Textures</Filter>
    </ClInclude>
    <ClInclude Include="Classes\Textures\texture_23.h">
      <Filter>Source Files\Classes\Textures</Filter>
    </ClInclude>
    <ClInclude Include="Classes\Textures\texture_24.h">
      <Filter>Source Files\Classes\Textures</Filter>
    </ClInclude>
    <ClInclude Include="Classes\Textures\texture_25.h">
      <Filter>Source Files\Classes\Textures</Filter>
    </ClInclude>
    <ClInclude Include="Classes\Textures\texture_26.h">
      <Filter>Source Files\Classes\Textures</Filter>
    </ClInclude>
    <ClInclude Include="Classes\Textures\texture_27.h">
      <Filter>Source Files\Classes\Textures</Filter>
    </ClInclude>
    <ClInclude Include="Classes\Textures\texture_28.h">
      <Filter>Source Files\Classes\Textures</Filter>
    </ClInclude>
    <ClInclude Include="Classes\Textures\texture_29.h">
      <Filter>Source Files\Classes\Textures</Filter>
    </ClInclude>
    <ClInclude Include="Classes\Textures\texture_30.h">
      <Filter>Source Files\Classes\Textures</Filter>
    </ClInclude>
    <ClInclude Include="Classes\Textures\texture_31.h">
      <Filter>Source Files\Classes\Textures</Filter>
    </ClInclude>
    <ClInclude Include="Classes\Textures\texture_32.h">
      <Filter>Source Files\Classes\Textures</Filter>
    </ClInclude>
    <ClInclude Include="Classes\Textures\texture_33.h">
      <Filter>Source Files\Classes\Textures</Filter>
    </ClInclude>
    <ClInclude Include="Classes\Textures\texture_34.h">
      <Filter>Source Files\Classes\Textures</Filter>
    </ClInclude>
    <ClInclude Include="Classes\Textures\texture_35.h">
      <Filter>Source Files\Classes\Textures</Filter>
    </ClInclude>
    <ClInclude Include="Classes\Textures\texture_36.h">
      <Filter>Source Files\Classes\Textures</Filter>
    </ClInclude>
    <ClInclude Include="Classes\Textures\texture_37.h">
      <Filter>Source Files\Classes\Textures</Filter>
    </ClInclude>
    <ClInclude Include="Classes\Textures\texture_38.h">
      <Filter>Source Files\Classes\Textures</Filter>
    </ClInclude>
    <ClInclude Include="Classes\Textures\texture_39.h">
      <Filter>Source Files\Classes\Textures</Filter>
    </ClInclude>
    <ClInclude Include="Classes\Textures\texture_40.h">
      <Filter>Source Files\Classes\Textures</Filter>
    </ClInclude>
    <ClInclude Include="Classes\Textures\texture_41.h">
      <Filter>Source Files\Classes\Textures</Filter>
    </ClInclude>
    <ClInclude Include="Classes\Textures\texture_42.h">
      <Filter>Source Files\Classes\Textures</Filter>
    </ClInclude>
    <ClInclude Include="Classes\Textures\texture_43.h">
      <Filter>Source Files\Classes\Textures</Filter>
    </ClInclude>
    <ClInclude Include="Classes\Textures\texture_44.h">
      <Filter>Source Files\Classes\Textures</Filter>
    </ClInclude>
    <ClInclude Include="Classes\Textures\texture_45.h">
      <Filter>Source Files\Classes\Textures</Filter>
    </ClInclude>
    <ClInclude Include="Classes\Textures\texture_46.h">
      <Filter>Source Files\Classes\Textures</Filter>
    </ClInclude>
    <ClInclude Include="Classes\Textures\texture_47.h">
      <Filter>Source Files\Classes\Textures</Filter>
    </ClInclude>
    <ClInclude Include="Classes\Textures\texture_48.h">
      <Filter>Source Files\Classes\Textures</Filter>
    </ClInclude>
    <ClInclude Include="Classes\Textures\texture_49.h">
      <Filter>Source Files\Classes\Textures</Filter>
    </ClInclude>
    <ClInclude Include="Classes\Textures\texture_50.h">
      <Filter>Source Files\Classes\Textures</Filter>
    </ClInclude>
    <ClInclude Include="Classes\Textures\texture_51.h">
      <Filter>Source Files\Classes\Textures</Filter>
    </ClInclude>
    <ClInclude Include="Classes\Textures\texture_52.h">
      <Filter>Source Files\Classes\Textures</Filter>
    </ClInclude>
    <ClInclude Include="Classes\Textures\texture_53.h">
      <Filter>Source Files\Classes\Textures</Filter>
    </ClInclude>
    <ClInclude Include="Classes\Textures\texture_54.h">
      <Filter>Source Files\Classes\Textures</Filter>
    </ClInclude>
    <ClInclude Include="Classes\Textures\texture_55.h">
      <Filter>Source Files\Classes\Textures</Filter>
    </ClInclude>
    <ClInclude Include="Classes\Textures\texture_56.h">
      <Filter>Source Files\Classes\Textures</Filter>
    </ClInclude>
    <ClInclude Include="Classes\Textures\texture_57.h">
      <Filter>Source Files\Classes\Textures</Filter>
    </ClInclude>
    <ClInclude Include="Classes\Textures\texture_58.h">
      <Filter>Source Files\Classes\Textures</Filter>
    </ClInclude>
    <ClInclude Include="Classes\Textures\texture_59.h">
      <Filter>Source Files\Classes\Textures</Filter>
    </ClInclude>
    <ClInclude Include="Classes\Textures\texture_60.h">
      <Filter>Source Files\Classes\Textures</Filter>
    </ClInclude>
    <ClInclude Include="Classes\Textures\texture_61.h">
      <Filter>Source Files\Classes\Textures</Filter>
    </ClInclude>
    <ClInclude Include="Classes\Textures\texture_62.h">
      <Filter>Source Files\Classes\Textures</Filter>
    </ClInclude>
    <ClInclude Include="Classes\Textures\texture_63.h">
      <Filter>Source Files\Classes\Textures</Filter>
    </ClInclude>
    <ClInclude Include="Classes\Textures\texture_64.h">
      <Filter>Source Files\Classes\Textures</Filter>
    </ClInclude>
    <ClInclude Include="Classes\Textures\texture_65.h">
      <Filter>Source Files\Classes\Textures</Filter>
    </ClInclude>
    <ClInclude Include="Classes\Textures\texture_66.h">
      <Filter>Source Files\Classes\Textures</Filter>
    </ClInclude>
    <ClInclude Include="Classes\Textures\texture_67.h">
      <Filter>Source Files\Classes\Textures</Filter>
    </ClInclude>
    <ClInclude Include="Classes\Textures\texture_68.h">
      <Filter>Source Files\Classes\Textures</Filter>
    </ClInclude>
    <ClInclude Include="Classes\Textures\texture_69.h">
      <Filter>Source Files\Classes\Textures</Filter>
    </ClInclude>
    <ClInclude Include="Classes\Textures\texture_70.h">
      <Filter>Source Files\Classes\Textures</Filter>
    </ClInclude>
    <ClInclude Include="Classes\Textures\texture_71.h">
      <Filter>Source Files\Classes\Textures</Filter>
    </ClInclude>
    <ClInclude Include="Classes\Textures\texture_72.h">
      <Filter>Source Files\Classes\Textures</Filter>
    </ClInclude>
    <ClInclude Include="Classes\Textures\texture_73.h">
      <Filter>Source Files\Classes\Textures</Filter>
    </ClInclude>
    <ClInclude Include="Classes\Textures\texture_74.h">
      <Filter>Source Files\Classes\Textures</Filter>
    </ClInclude>
    <ClInclude Include="Classes\Textures\texture_75.h">
      <Filter>Source Files\Classes\Textures</Filter>
    </ClInclude>
    <ClInclude Include="Classes\Textures\texture_76.h">
      <Filter>Source Files\Classes\Textures</Filter>
    </ClInclude>
    <ClInclude Include="Classes\Textures\texture_77.h">
      <Filter>Source Files\Classes\Textures</Filter>
    </ClInclude>
    <ClInclude Include="Classes\Textures\texture_78.h">
      <Filter>Source Files\Classes\Textures</Filter>
    </ClInclude>
    <ClInclude Include="Classes\Textures\texture_79.h">
      <Filter>Source Files\Classes\Textures</Filter>
    </ClInclude>
    <ClInclude Include="Classes\Textures\texture_80.h">
      <Filter>Source Files\Classes\Textures</Filter>
    </ClInclude>
    <ClInclude Include="Classes\Textures\texture_81.h">
      <Filter>Source Files\Classes\Textures</Filter>
    </ClInclude>
    <ClInclude Include="Classes\Textures\texture_82.h">
      <Filter>Source Files\Classes\Textures</Filter>
    </ClInclude>
    <ClInclude Include="Classes\Textures\texture_83.h">
      <Filter>Source Files\Classes\Textures</Filter>
    </ClInclude>
    <ClInclude Include="Classes\Textures\texture_84.h">
      <Filter>Source Files\Classes\Textures</Filter>
    </ClInclude>
    <ClInclude Include="Classes\Textures\texture_85.h">
      <Filter>Source Files\Classes\Textures</Filter>
    </ClInclude>
    <ClInclude Include="Classes\Textures\texture_86.h">
      <Filter>Source Files\Classes\Textures</Filter>
    </ClInclude>
    <ClInclude Include="Classes\Textures\texture_87.h">
      <Filter>Source Files\Classes\Textures</Filter>
    </ClInclude>
    <ClInclude Include="Classes\Textures\texture_88.h">
      <Filter>Source Files\Classes\Textures</Filter>
    </ClInclude>
    <ClInclude Include="Classes\Textures\texture_89.h">
      <Filter>Source Files\Classes\Textures</Filter>
    </ClInclude>
    <ClInclude Include="Classes\Textures\texture_90.h">
      <Filter>Source Files\Classes\Textures</Filter>
    </ClInclude>
    <ClInclude Include="Classes\Textures\texture_91.h">
      <Filter>Source Files\Classes\Textures</Filter>
    </ClInclude>
    <ClInclude Include="Classes\Textures\texture_92.h">
      <Filter>Source Files\Classes\Textures</Filter>
    </ClInclude>
    <ClInclude Include="Classes\Textures\texture_93.h">
      <Filter>Source Files\Classes\Textures</Filter>
    </ClInclude>
    <ClInclude Include="Classes\Textures\texture_94.h">
      <Filter>Source Files\Classes\Textures</Filter>
    </ClInclude>
    <ClInclude Include="Classes\Textures\textures.h">
      <Filter>Source Files\Classes\Textures</Filter>
    </ClInclude>
    <ClInclude Include="Classes\Sprites\zombie\shoot.h">
      <Filter>Source Files\Classes\Sprites\zombie</Filter>
    </ClInclude>
    <ClInclude Include="Classes\Sprites\zombie\walk1.h">
      <Filter>Source Files\Classes\Sprites\zombie</Filter>
    </ClInclude>
    <ClInclude Include="Classes\Sprites\zombie\walk2.h">
      <Filter>Source Files\Classes\Sprites\zombie</Filter>
    </ClInclude>
    <ClInclude Include="Classes\Sprites\zombie\walk3.h">
      <Filter>Source Files\Classes\Sprites\zombie</Filter>
    </ClInclude>
    <ClInclude Include="Classes\Sprites\zombie\walk4.h">
      <Filter>Source Files\Classes\Sprites\zombie</Filter>
    </ClInclude>
    <ClInclude Include="Classes\Sprites\zombie\aim.h">
      <Filter>Source Files\Classes\Sprites\zombie</Filter>
    </ClInclude>
    <ClInclude Include="Classes\Sprites\zombie\hurt.h">
      <Filter>Source Files\Classes\Sprites\zombie</Filter>
    </ClInclude>
    <ClInclude Include="Classes\Sprites\imp\aim.h">
      <Filter>Source Files\Classes\Sprites\imp</Filter>
    </ClInclude>
    <ClInclude Include="Classes\Sprites\imp\shoot.h">
      <Filter>Source Files\Classes\Sprites\imp</Filter>
    </ClInclude>
    <ClInclude Include="Classes\Sprites\imp\walk1.h">
      <Filter>Source Files\Classes\Sprites\imp</Filter>
    </ClInclude>
    <ClInclude Include="Classes\Sprites\imp\walk2.h">
      <Filter>Source Files\Classes\Sprites\imp</Filter>
    </ClInclude>
    <ClInclude Include="Classes\Sprites\imp\walk3.h">
      <Filter>Source Files\Classes\Sprites\imp</Filter>
    </ClInclude>
    <ClInclude Include="Classes\Sprites\imp\walk4.h">
      <Filter>Source Files\Classes\Sprites\imp</Filter>
    </ClInclude>
    <ClInclude Include="Classes\Sprites\cacodemon\normal.h">
      <Filter>Source Files\Classes\Sprites\cacodemon</Filter>
    </ClInclude>
    <ClInclude Include="Classes\Sprites\cacodemon\shoot1.h">
      <Filter>Source Files\Classes\Sprites\cacodemon</Filter>
    </ClInclude>
    <ClInclude Include="Classes\Sprites\cacodemon\shoot2.h">
      <Filter>Source Files\Classes\Sprites\cacodemon</Filter>
    </ClInclude>
    <ClInclude Include="Classes\Sprites\cacodemon\shoot3.h">
      <Filter>Source Files\Classes\Sprites\cacodemon</Filter>
    </ClInclude>
    <ClInclude Include="Classes\Sprites\zombie\zombie.h">
      <Filter>Source Files\Classes\Sprites\zombie</Filter>
    </ClInclude>
    <ClInclude Include="Classes\player.h">
      <Filter>Source Files\Classes</Filter>
    </ClInclude>
    <ClInclude Include="Classes\Sprites\imp\imp.h">
      <Filter>Source Files\Classes\Sprites\imp</Filter>
    </ClInclude>
    <ClInclude Include="Classes\Sprites\cacodemon\cacodemon.h">
      <Filter>Source Files\Classes\Sprites\cacodemon</Filter>
    </ClInclude>
    <ClInclude Include="Classes\Sprites\entities.h">
      <Filter>Source Files\Classes\Sprites</Filter>
    </ClInclude>
    <ClInclude Include="Classes\Sprites\imp\imp_projectile.h">
      <Filter>Source Files\Classes\Sprites\imp</Filter>
    </ClInclude>
    <ClInclude Include="Classes\Sprites\imp\explode1.h">
      <Filter>Source Files\Classes\Sprites\imp</Filter>
    </ClInclude>
    <ClInclude Include="Classes\Sprites\imp\explode2.h">
      <Filter>Source Files\Classes\Sprites\imp</Filter>
    </ClInclude>
    <ClInclude Include="Classes\Sprites\imp\explode3.h">
      <Filter>Source Files\Classes\Sprites\imp</Filter>
    </ClInclude>
    <ClInclude Include="Classes\Sprites\imp\projectile1.h">
      <Filter>Source Files\Classes\Sprites\imp</Filter>
    </ClInclude>
    <ClInclude Include="Classes\Sprites\imp\projectile2.h">
      <Filter>Source Files\Classes\Sprites\imp</Filter>
    </ClInclude>
    <ClInclude Include="Classes\Sprites\misc\ebarrel.h">
      <Filter>Source Files\Classes\Sprites\misc</Filter>
    </ClInclude>
    <ClInclude Include="Classes\Sprites\misc\ebarrel_texture.h">
      <Filter>Source Files\Classes\Sprites\misc</Filter>
    </ClInclude>
    <ClInclude Include="Classes\Sprites\misc\eb_explosion1.h">
      <Filter>Source Files\Classes\Sprites\misc</Filter>
    </ClInclude>
    <ClInclude Include="Classes\GameData.h">
      <Filter>Source Files\Classes</Filter>
    </ClInclude>
    <ClInclude Include="Classes\Sprites\misc\eb_explosion2.h">
      <Filter>Source Files\Classes\Sprites\misc</Filter>
    </ClInclude>
    <ClInclude Include="Classes\Sprites\misc\eb_explosion3.h">
      <Filter>Source Files\Classes\Sprites\misc</Filter>
    </ClInclude>
    <ClInclude Include="Classes\Sprites\zombie\dying1.h">
      <Filter>Source Files\Classes\Sprites\zombie</Filter>
    </ClInclude>
    <ClInclude Include="Classes\Sprites\zombie\dying2.h">
      <Filter>Source Files\Classes\Sprites\zombie</Filter>
    </ClInclude>
    <ClInclude Include="Classes\Sprites\zombie\dying3.h">
      <Filter>Source Files\Classes\Sprites\zombie</Filter>
    </ClInclude>
    <ClInclude Include="Classes\Sprites\zombie\dying4.h">
      <Filter>Source Files\Classes\Sprites\zombie</Filter>
    </ClInclude>
    <ClInclude Include="Classes\Sprites\zombie\dying5.h">
      <Filter>Source Files\Classes\Sprites\zombie</Filter>
    </ClInclude>
    <ClInclude Include="Classes\Sprites\imp\death1.h">
      <Filter>Source Files\Classes\Sprites\imp</Filter>
    </ClInclude>
    <ClInclude Include="Classes\Sprites\imp\death2.h">
      <Filter>Source Files\Classes\Sprites\imp</Filter>
    </ClInclude>
    <ClInclude Include="Classes\Sprites\imp\death3.h">
      <Filter>Source Files\Classes\Sprites\imp</Filter>
    </ClInclude>
    <ClInclude Include="Classes\Sprites\imp\death4.h">
      <Filter>Source Files\Classes\Sprites\imp</Filter>
    </ClInclude>
    <ClInclude Include="Classes\Sprites\imp\death5.h">
      <Filter>Source Files\Classes\Sprites\imp</Filter>
    </ClInclude>
    <ClInclude Include="Classes\Sprites\imp\hurt.h">
      <Filter>Source Files\Classes\Sprites\imp</Filter>
    </ClInclude>
    <ClInclude Include="Classes\Sprites\cacodemon\death1.h">
      <Filter>Source Files\Classes\Sprites\cacodemon</Filter>
    </ClInclude>
    <ClInclude Include="Classes\Sprites\cacodemon\death2.h">
      <Filter>Source Files\Classes\Sprites\cacodemon</Filter>
    </ClInclude>
    <ClInclude Include="Classes\Sprites\cacodemon\death3.h">
      <Filter>Source Files\Classes\Sprites\cacodemon</Filter>
    </ClInclude>
    <ClInclude Include="Classes\Sprites\cacodemon\death4.h">
      <Filter>Source Files\Classes\Sprites\cacodemon</Filter>
    </ClInclude>
    <ClInclude Include="Classes\Sprites\cacodemon\death5.h">
      <Filter>Source Files\Classes\Sprites\cacodemon</Filter>
    </ClInclude>
    <ClInclude Include="Classes\Sprites\cacodemon\death6.h">
      <Filter>Source Files\Classes\Sprites\cacodemon</Filter>
    </ClInclude>
    <ClInclude Include="Classes\Sprites\cacodemon\hurt.h">
      <Filter>Source Files\Classes\Sprites\cacodemon</Filter>
    </ClInclude>
    <ClInclude Include="Classes\TestScene.h">
      <Filter>Source Files\Classes</Filter>
    </ClInclude>
  </ItemGroup>
  <ItemGroup>
    <CustomBuild Include="G:\Mi unidad\Up\Programacion Avanzada\Proyecto final\Duum\CMakeLists.txt" />
  </ItemGroup>
  <ItemGroup>
    <ResourceCompile Include="G:\Mi unidad\Up\Programacion Avanzada\Proyecto final\Duum\proj.win32\game.rc">
      <Filter>Source Files\proj.win32</Filter>
    </ResourceCompile>
  </ItemGroup>
  <ItemGroup>
    <Filter Include="Resources">
      <UniqueIdentifier>{1D3C3FB8-AFF4-3CB5-952F-F6D2C2DF8C67}</UniqueIdentifier>
    </Filter>
    <Filter Include="Resources\Textures">
      <UniqueIdentifier>{DF988C41-2302-3EE1-B7F1-2DB68680BA31}</UniqueIdentifier>
    </Filter>
    <Filter Include="Resources\fonts">
      <UniqueIdentifier>{AE823B50-E4FA-3569-A7F7-7BB927AB5E44}</UniqueIdentifier>
    </Filter>
    <Filter Include="Resources\res">
      <UniqueIdentifier>{4966B341-60A3-31AA-B27C-F5A26D6B0B9D}</UniqueIdentifier>
    </Filter>
    <Filter Include="Source Files">
      <UniqueIdentifier>{085C36B1-B9E4-366B-A514-4A0B6B49D9C7}</UniqueIdentifier>
    </Filter>
    <Filter Include="Source Files\Classes">
      <UniqueIdentifier>{247061A6-FC43-3B2B-B894-47AC6FBB635A}</UniqueIdentifier>
    </Filter>
    <Filter Include="Source Files\proj.win32">
      <UniqueIdentifier>{9385A07B-BB2C-3D65-B43D-9EB342E73857}</UniqueIdentifier>
    </Filter>
    <Filter Include="Source Files\Classes\Textures">
      <UniqueIdentifier>{925beaa2-903f-4d62-bdf3-4f1a9c6fd35b}</UniqueIdentifier>
    </Filter>
    <Filter Include="Source Files\Classes\Sprites">
      <UniqueIdentifier>{eec31d7b-9616-449d-b61c-89f198056b98}</UniqueIdentifier>
    </Filter>
    <Filter Include="Source Files\Classes\Sprites\zombie">
      <UniqueIdentifier>{b37859f5-ed76-41ad-b481-009fc5a4eec5}</UniqueIdentifier>
    </Filter>
    <Filter Include="Source Files\Classes\Sprites\imp">
      <UniqueIdentifier>{c65e5874-bfd2-4e7b-bf41-d09928a92c83}</UniqueIdentifier>
    </Filter>
    <Filter Include="Source Files\Classes\Sprites\cacodemon">
      <UniqueIdentifier>{b471f023-fb0c-483e-a194-b6885b5bdff0}</UniqueIdentifier>
    </Filter>
    <Filter Include="Source Files\Classes\Sprites\misc">
      <UniqueIdentifier>{3b60a83b-c479-49ca-896f-9e1345977b41}</UniqueIdentifier>
    </Filter>
    <Filter Include="Resources\weapons">
      <UniqueIdentifier>{18e17070-849d-4ef0-b9c8-66a38f63944f}</UniqueIdentifier>
    </Filter>
    <Filter Include="Resources\weapons\pistol">
      <UniqueIdentifier>{d4a4e007-486c-404a-85d3-8a7201f88fa9}</UniqueIdentifier>
    </Filter>
    <Filter Include="Resources\faces">
      <UniqueIdentifier>{4f49136a-f2c1-4753-af11-a446af9e67a0}</UniqueIdentifier>
    </Filter>
    <Filter Include="Resources\audio">
      <UniqueIdentifier>{fea4be6e-fdca-4e21-a8d6-ca6f0133c262}</UniqueIdentifier>
    </Filter>
    <Filter Include="Resources\audio\music">
      <UniqueIdentifier>{4d0d7236-5b35-41a2-9dd4-735e2bb8941f}</UniqueIdentifier>
    </Filter>
  </ItemGroup>
  <ItemGroup>
    <Image Include="Resources\ui_main_bar.png">
      <Filter>Resources</Filter>
    </Image>
    <Image Include="Resources\weapons\pistol\pistol1.png">
      <Filter>Resources\weapons\pistol</Filter>
    </Image>
    <Image Include="Resources\weapons\pistol\shoot1.png">
      <Filter>Resources\weapons\pistol</Filter>
    </Image>
    <Image Include="Resources\weapons\pistol\shoot2.png">
      <Filter>Resources\weapons\pistol</Filter>
    </Image>
    <Image Include="Resources\faces\100f.png">
      <Filter>Resources\faces</Filter>
    </Image>
    <Image Include="Resources\faces\100l.png">
      <Filter>Resources\faces</Filter>
    </Image>
    <Image Include="Resources\faces\100r.png">
      <Filter>Resources\faces</Filter>
    </Image>
    <Image Include="Resources\crosshair1.png">
      <Filter>Resources</Filter>
    </Image>
    <Image Include="Resources\crosshair2.png">
      <Filter>Resources</Filter>
    </Image>
    <Image Include="Resources\fonts\s%.png">
      <Filter>Resources\fonts</Filter>
    </Image>
    <Image Include="Resources\fonts\s0.png">
      <Filter>Resources\fonts</Filter>
    </Image>
    <Image Include="Resources\fonts\s1.png">
      <Filter>Resources\fonts</Filter>
    </Image>
    <Image Include="Resources\fonts\s2.png">
      <Filter>Resources\fonts</Filter>
    </Image>
    <Image Include="Resources\fonts\s3.png">
      <Filter>Resources\fonts</Filter>
    </Image>
    <Image Include="Resources\fonts\s4.png">
      <Filter>Resources\fonts</Filter>
    </Image>
    <Image Include="Resources\fonts\s5.png">
      <Filter>Resources\fonts</Filter>
    </Image>
    <Image Include="Resources\fonts\s6.png">
      <Filter>Resources\fonts</Filter>
    </Image>
    <Image Include="Resources\fonts\s7.png">
      <Filter>Resources\fonts</Filter>
    </Image>
    <Image Include="Resources\fonts\s8.png">
      <Filter>Resources\fonts</Filter>
    </Image>
    <Image Include="Resources\fonts\s9.png">
      <Filter>Resources\fonts</Filter>
    </Image>
  </ItemGroup>
  <ItemGroup>
    <Media Include="Resources\audio\music\la_grange.mp3">
      <Filter>Resources\audio\music</Filter>
    </Media>
    <Media Include="Resources\audio\music\running_from_evil.mp3">
      <Filter>Resources\audio\music</Filter>
    </Media>
    <Media Include="Resources\audio\music\la_grange.wav">
      <Filter>Resources\audio\music</Filter>
    </Media>
  </ItemGroup>
</Project>