
Microsoft Visual Studio Solution File, Format Version 12.00
# Visual Studio Version 17
Project("{2150E333-8FDC-42A3-9474-1A3956D46DE8}") = "CMakePredefinedTargets", "CMakePredefinedTargets", "{35EF185A-BA66-32E4-BFC0-A7BF4E71BA6A}"
EndProject
Project("{2150E333-8FDC-42A3-9474-1A3956D46DE8}") = "External", "External", "{4F909C58-ADA1-38D0-8D2D-B8571C9FC4E2}"
EndProject
Project("{2150E333-8FDC-42A3-9474-1A3956D46DE8}") = "Internal", "Internal", "{64F8FF06-FF2B-3BF3-8244-B8FD026BC460}"
EndProject
Project("{2150E333-8FDC-42A3-9474-1A3956D46DE8}") = "Utils", "Utils", "{E51B544D-72E6-3242-8D9A-ABAE21025F3A}"
EndProject
Project("{8BC9CEB8-8B4A-11D0-8D11-00A0C91BC942}") = "ALL_BUILD", "ALL_BUILD.vcxproj", "{7DECE4CD-3134-34C4-A4A9-30B7FD8A266D}"
	ProjectSection(ProjectDependencies) = postProject
		{D95E4171-4984-3D9B-A614-2450371E1CF1} = {D95E4171-4984-3D9B-A614-2450371E1CF1}
		{646C4912-B9D9-368A-A370-21A1D68CCA9E} = {646C4912-B9D9-368A-A370-21A1D68CCA9E}
		{97AA40D4-D1DC-36B1-A149-D85CF94E9BA6} = {97AA40D4-D1DC-36B1-A149-D85CF94E9BA6}
		{03FE4390-A46E-3AEA-9007-01854A8B8B48} = {03FE4390-A46E-3AEA-9007-01854A8B8B48}
		{63FC63D5-042E-3F92-A15A-B0B9E49318B3} = {63FC63D5-042E-3F92-A15A-B0B9E49318B3}
		{BDFAC13F-D33E-37B2-9A35-31B255847E0E} = {BDFAC13F-D33E-37B2-9A35-31B255847E0E}
		{13FAC06D-B174-3FCB-A0D6-31177F0AF28B} = {13FAC06D-B174-3FCB-A0D6-31177F0AF28B}
		{B0C1B6BE-94FB-3C02-A185-F4E79C9BE4CB} = {B0C1B6BE-94FB-3C02-A185-F4E79C9BE4CB}
		{63D81D50-0058-3131-8660-B5C70CD04E4C} = {63D81D50-0058-3131-8660-B5C70CD04E4C}
		{3BDC9132-1EF9-3E96-9178-29E49F43E96C} = {3BDC9132-1EF9-3E96-9178-29E49F43E96C}
		{1120AF7F-992A-34B6-83E2-CA1D82799D5E} = {1120AF7F-992A-34B6-83E2-CA1D82799D5E}
		{4E01C7DB-0066-3DC6-A450-0D0C385A8D08} = {4E01C7DB-0066-3DC6-A450-0D0C385A8D08}
		{D636F841-F5CA-3C51-AFF5-C5ECCCDA7251} = {D636F841-F5CA-3C51-AFF5-C5ECCCDA7251}
		{FEEE5234-8999-34F2-ACE3-0B4154FA4794} = {FEEE5234-8999-34F2-ACE3-0B4154FA4794}
		{E4E66D9E-103B-3065-BCB6-C644F526A8DA} = {E4E66D9E-103B-3065-BCB6-C644F526A8DA}
	EndProjectSection
EndProject
Project("{8BC9CEB8-8B4A-11D0-8D11-00A0C91BC942}") = "Duum", "Duum.vcxproj", "{D95E4171-4984-3D9B-A614-2450371E1CF1}"
	ProjectSection(ProjectDependencies) = postProject
		{646C4912-B9D9-368A-A370-21A1D68CCA9E} = {646C4912-B9D9-368A-A370-21A1D68CCA9E}
		{97AA40D4-D1DC-36B1-A149-D85CF94E9BA6} = {97AA40D4-D1DC-36B1-A149-D85CF94E9BA6}
		{03FE4390-A46E-3AEA-9007-01854A8B8B48} = {03FE4390-A46E-3AEA-9007-01854A8B8B48}
		{63FC63D5-042E-3F92-A15A-B0B9E49318B3} = {63FC63D5-042E-3F92-A15A-B0B9E49318B3}
		{BDFAC13F-D33E-37B2-9A35-31B255847E0E} = {BDFAC13F-D33E-37B2-9A35-31B255847E0E}
		{13FAC06D-B174-3FCB-A0D6-31177F0AF28B} = {13FAC06D-B174-3FCB-A0D6-31177F0AF28B}
		{B0C1B6BE-94FB-3C02-A185-F4E79C9BE4CB} = {B0C1B6BE-94FB-3C02-A185-F4E79C9BE4CB}
		{63D81D50-0058-3131-8660-B5C70CD04E4C} = {63D81D50-0058-3131-8660-B5C70CD04E4C}
		{3BDC9132-1EF9-3E96-9178-29E49F43E96C} = {3BDC9132-1EF9-3E96-9178-29E49F43E96C}
		{1120AF7F-992A-34B6-83E2-CA1D82799D5E} = {1120AF7F-992A-34B6-83E2-CA1D82799D5E}
		{4E01C7DB-0066-3DC6-A450-0D0C385A8D08} = {4E01C7DB-0066-3DC6-A450-0D0C385A8D08}
		{D636F841-F5CA-3C51-AFF5-C5ECCCDA7251} = {D636F841-F5CA-3C51-AFF5-C5ECCCDA7251}
		{FEEE5234-8999-34F2-ACE3-0B4154FA4794} = {FEEE5234-8999-34F2-ACE3-0B4154FA4794}
		{E4E66D9E-103B-3065-BCB6-C644F526A8DA} = {E4E66D9E-103B-3065-BCB6-C644F526A8DA}
	EndProjectSection
EndProject
Project("{8BC9CEB8-8B4A-11D0-8D11-00A0C91BC942}") = "SYNC_RESOURCE-Duum", "SYNC_RESOURCE-Duum.vcxproj", "{646C4912-B9D9-368A-A370-21A1D68CCA9E}"
	ProjectSection(ProjectDependencies) = postProject
		{97AA40D4-D1DC-36B1-A149-D85CF94E9BA6} = {97AA40D4-D1DC-36B1-A149-D85CF94E9BA6}
	EndProjectSection
EndProject
Project("{8BC9CEB8-8B4A-11D0-8D11-00A0C91BC942}") = "ZERO_CHECK", "ZERO_CHECK.vcxproj", "{97AA40D4-D1DC-36B1-A149-D85CF94E9BA6}"
	ProjectSection(ProjectDependencies) = postProject
	EndProjectSection
EndProject
Project("{8BC9CEB8-8B4A-11D0-8D11-00A0C91BC942}") = "cocos2d", "engine\cocos\core\cocos2d.vcxproj", "{03FE4390-A46E-3AEA-9007-01854A8B8B48}"
	ProjectSection(ProjectDependencies) = postProject
		{97AA40D4-D1DC-36B1-A149-D85CF94E9BA6} = {97AA40D4-D1DC-36B1-A149-D85CF94E9BA6}
		{63FC63D5-042E-3F92-A15A-B0B9E49318B3} = {63FC63D5-042E-3F92-A15A-B0B9E49318B3}
		{BDFAC13F-D33E-37B2-9A35-31B255847E0E} = {BDFAC13F-D33E-37B2-9A35-31B255847E0E}
		{13FAC06D-B174-3FCB-A0D6-31177F0AF28B} = {13FAC06D-B174-3FCB-A0D6-31177F0AF28B}
		{B0C1B6BE-94FB-3C02-A185-F4E79C9BE4CB} = {B0C1B6BE-94FB-3C02-A185-F4E79C9BE4CB}
		{63D81D50-0058-3131-8660-B5C70CD04E4C} = {63D81D50-0058-3131-8660-B5C70CD04E4C}
		{3BDC9132-1EF9-3E96-9178-29E49F43E96C} = {3BDC9132-1EF9-3E96-9178-29E49F43E96C}
		{1120AF7F-992A-34B6-83E2-CA1D82799D5E} = {1120AF7F-992A-34B6-83E2-CA1D82799D5E}
		{4E01C7DB-0066-3DC6-A450-0D0C385A8D08} = {4E01C7DB-0066-3DC6-A450-0D0C385A8D08}
		{D636F841-F5CA-3C51-AFF5-C5ECCCDA7251} = {D636F841-F5CA-3C51-AFF5-C5ECCCDA7251}
		{FEEE5234-8999-34F2-ACE3-0B4154FA4794} = {FEEE5234-8999-34F2-ACE3-0B4154FA4794}
		{E4E66D9E-103B-3065-BCB6-C644F526A8DA} = {E4E66D9E-103B-3065-BCB6-C644F526A8DA}
	EndProjectSection
EndProject
Project("{8BC9CEB8-8B4A-11D0-8D11-00A0C91BC942}") = "ext_clipper", "engine\external\clipper\ext_clipper.vcxproj", "{63FC63D5-042E-3F92-A15A-B0B9E49318B3}"
	ProjectSection(ProjectDependencies) = postProject
		{97AA40D4-D1DC-36B1-A149-D85CF94E9BA6} = {97AA40D4-D1DC-36B1-A149-D85CF94E9BA6}
	EndProjectSection
EndProject
Project("{8BC9CEB8-8B4A-11D0-8D11-00A0C91BC942}") = "ext_convertUTF", "engine\external\ConvertUTF\ext_convertUTF.vcxproj", "{BDFAC13F-D33E-37B2-9A35-31B255847E0E}"
	ProjectSection(ProjectDependencies) = postProject
		{97AA40D4-D1DC-36B1-A149-D85CF94E9BA6} = {97AA40D4-D1DC-36B1-A149-D85CF94E9BA6}
	EndProjectSection
EndProject
Project("{8BC9CEB8-8B4A-11D0-8D11-00A0C91BC942}") = "ext_edtaa3func", "engine\external\edtaa3func\ext_edtaa3func.vcxproj", "{13FAC06D-B174-3FCB-A0D6-31177F0AF28B}"
	ProjectSection(ProjectDependencies) = postProject
		{97AA40D4-D1DC-36B1-A149-D85CF94E9BA6} = {97AA40D4-D1DC-36B1-A149-D85CF94E9BA6}
	EndProjectSection
EndProject
Project("{8BC9CEB8-8B4A-11D0-8D11-00A0C91BC942}") = "ext_md5", "engine\external\md5\ext_md5.vcxproj", "{B0C1B6BE-94FB-3C02-A185-F4E79C9BE4CB}"
	ProjectSection(ProjectDependencies) = postProject
		{97AA40D4-D1DC-36B1-A149-D85CF94E9BA6} = {97AA40D4-D1DC-36B1-A149-D85CF94E9BA6}
	EndProjectSection
EndProject
Project("{8BC9CEB8-8B4A-11D0-8D11-00A0C91BC942}") = "ext_poly2tri", "engine\external\poly2tri\ext_poly2tri.vcxproj", "{63D81D50-0058-3131-8660-B5C70CD04E4C}"
	ProjectSection(ProjectDependencies) = postProject
		{97AA40D4-D1DC-36B1-A149-D85CF94E9BA6} = {97AA40D4-D1DC-36B1-A149-D85CF94E9BA6}
	EndProjectSection
EndProject
Project("{8BC9CEB8-8B4A-11D0-8D11-00A0C91BC942}") = "ext_recast", "engine\external\recast\ext_recast.vcxproj", "{3BDC9132-1EF9-3E96-9178-29E49F43E96C}"
	ProjectSection(ProjectDependencies) = postProject
		{97AA40D4-D1DC-36B1-A149-D85CF94E9BA6} = {97AA40D4-D1DC-36B1-A149-D85CF94E9BA6}
	EndProjectSection
EndProject
Project("{8BC9CEB8-8B4A-11D0-8D11-00A0C91BC942}") = "ext_tinyxml2", "engine\external\tinyxml2\ext_tinyxml2.vcxproj", "{1120AF7F-992A-34B6-83E2-CA1D82799D5E}"
	ProjectSection(ProjectDependencies) = postProject
		{97AA40D4-D1DC-36B1-A149-D85CF94E9BA6} = {97AA40D4-D1DC-36B1-A149-D85CF94E9BA6}
	EndProjectSection
EndProject
Project("{8BC9CEB8-8B4A-11D0-8D11-00A0C91BC942}") = "ext_unzip", "engine\external\unzip\ext_unzip.vcxproj", "{4E01C7DB-0066-3DC6-A450-0D0C385A8D08}"
	ProjectSection(ProjectDependencies) = postProject
		{97AA40D4-D1DC-36B1-A149-D85CF94E9BA6} = {97AA40D4-D1DC-36B1-A149-D85CF94E9BA6}
	EndProjectSection
EndProject
Project("{8BC9CEB8-8B4A-11D0-8D11-00A0C91BC942}") = "ext_xxhash", "engine\external\xxhash\ext_xxhash.vcxproj", "{D636F841-F5CA-3C51-AFF5-C5ECCCDA7251}"
	ProjectSection(ProjectDependencies) = postProject
		{97AA40D4-D1DC-36B1-A149-D85CF94E9BA6} = {97AA40D4-D1DC-36B1-A149-D85CF94E9BA6}
	EndProjectSection
EndProject
Project("{8BC9CEB8-8B4A-11D0-8D11-00A0C91BC942}") = "ext_xxtea", "engine\external\xxtea\ext_xxtea.vcxproj", "{FEEE5234-8999-34F2-ACE3-0B4154FA4794}"
	ProjectSection(ProjectDependencies) = postProject
		{97AA40D4-D1DC-36B1-A149-D85CF94E9BA6} = {97AA40D4-D1DC-36B1-A149-D85CF94E9BA6}
	EndProjectSection
EndProject
Project("{8BC9CEB8-8B4A-11D0-8D11-00A0C91BC942}") = "external", "engine\external\external.vcxproj", "{E4E66D9E-103B-3065-BCB6-C644F526A8DA}"
	ProjectSection(ProjectDependencies) = postProject
		{97AA40D4-D1DC-36B1-A149-D85CF94E9BA6} = {97AA40D4-D1DC-36B1-A149-D85CF94E9BA6}
		{63FC63D5-042E-3F92-A15A-B0B9E49318B3} = {63FC63D5-042E-3F92-A15A-B0B9E49318B3}
		{BDFAC13F-D33E-37B2-9A35-31B255847E0E} = {BDFAC13F-D33E-37B2-9A35-31B255847E0E}
		{13FAC06D-B174-3FCB-A0D6-31177F0AF28B} = {13FAC06D-B174-3FCB-A0D6-31177F0AF28B}
		{B0C1B6BE-94FB-3C02-A185-F4E79C9BE4CB} = {B0C1B6BE-94FB-3C02-A185-F4E79C9BE4CB}
		{63D81D50-0058-3131-8660-B5C70CD04E4C} = {63D81D50-0058-3131-8660-B5C70CD04E4C}
		{3BDC9132-1EF9-3E96-9178-29E49F43E96C} = {3BDC9132-1EF9-3E96-9178-29E49F43E96C}
		{1120AF7F-992A-34B6-83E2-CA1D82799D5E} = {1120AF7F-992A-34B6-83E2-CA1D82799D5E}
		{4E01C7DB-0066-3DC6-A450-0D0C385A8D08} = {4E01C7DB-0066-3DC6-A450-0D0C385A8D08}
		{D636F841-F5CA-3C51-AFF5-C5ECCCDA7251} = {D636F841-F5CA-3C51-AFF5-C5ECCCDA7251}
		{FEEE5234-8999-34F2-ACE3-0B4154FA4794} = {FEEE5234-8999-34F2-ACE3-0B4154FA4794}
	EndProjectSection
EndProject
Global
	GlobalSection(SolutionConfigurationPlatforms) = preSolution
		Debug|Win32 = Debug|Win32
		Release|Win32 = Release|Win32
		MinSizeRel|Win32 = MinSizeRel|Win32
		RelWithDebInfo|Win32 = RelWithDebInfo|Win32
	EndGlobalSection
	GlobalSection(ProjectConfigurationPlatforms) = postSolution
		{7DECE4CD-3134-34C4-A4A9-30B7FD8A266D}.Debug|Win32.ActiveCfg = Debug|Win32
		{7DECE4CD-3134-34C4-A4A9-30B7FD8A266D}.Release|Win32.ActiveCfg = Release|Win32
		{7DECE4CD-3134-34C4-A4A9-30B7FD8A266D}.MinSizeRel|Win32.ActiveCfg = MinSizeRel|Win32
		{7DECE4CD-3134-34C4-A4A9-30B7FD8A266D}.RelWithDebInfo|Win32.ActiveCfg = RelWithDebInfo|Win32
		{D95E4171-4984-3D9B-A614-2450371E1CF1}.Debug|Win32.ActiveCfg = Debug|Win32
		{D95E4171-4984-3D9B-A614-2450371E1CF1}.Debug|Win32.Build.0 = Debug|Win32
		{D95E4171-4984-3D9B-A614-2450371E1CF1}.Release|Win32.ActiveCfg = Release|Win32
		{D95E4171-4984-3D9B-A614-2450371E1CF1}.Release|Win32.Build.0 = Release|Win32
		{D95E4171-4984-3D9B-A614-2450371E1CF1}.MinSizeRel|Win32.ActiveCfg = MinSizeRel|Win32
		{D95E4171-4984-3D9B-A614-2450371E1CF1}.MinSizeRel|Win32.Build.0 = MinSizeRel|Win32
		{D95E4171-4984-3D9B-A614-2450371E1CF1}.RelWithDebInfo|Win32.ActiveCfg = RelWithDebInfo|Win32
		{D95E4171-4984-3D9B-A614-2450371E1CF1}.RelWithDebInfo|Win32.Build.0 = RelWithDebInfo|Win32
		{646C4912-B9D9-368A-A370-21A1D68CCA9E}.Debug|Win32.ActiveCfg = Debug|Win32
		{646C4912-B9D9-368A-A370-21A1D68CCA9E}.Debug|Win32.Build.0 = Debug|Win32
		{646C4912-B9D9-368A-A370-21A1D68CCA9E}.Release|Win32.ActiveCfg = Release|Win32
		{646C4912-B9D9-368A-A370-21A1D68CCA9E}.Release|Win32.Build.0 = Release|Win32
		{646C4912-B9D9-368A-A370-21A1D68CCA9E}.MinSizeRel|Win32.ActiveCfg = MinSizeRel|Win32
		{646C4912-B9D9-368A-A370-21A1D68CCA9E}.MinSizeRel|Win32.Build.0 = MinSizeRel|Win32
		{646C4912-B9D9-368A-A370-21A1D68CCA9E}.RelWithDebInfo|Win32.ActiveCfg = RelWithDebInfo|Win32
		{646C4912-B9D9-368A-A370-21A1D68CCA9E}.RelWithDebInfo|Win32.Build.0 = RelWithDebInfo|Win32
		{97AA40D4-D1DC-36B1-A149-D85CF94E9BA6}.Debug|Win32.ActiveCfg = Debug|Win32
		{97AA40D4-D1DC-36B1-A149-D85CF94E9BA6}.Debug|Win32.Build.0 = Debug|Win32
		{97AA40D4-D1DC-36B1-A149-D85CF94E9BA6}.Release|Win32.ActiveCfg = Release|Win32
		{97AA40D4-D1DC-36B1-A149-D85CF94E9BA6}.Release|Win32.Build.0 = Release|Win32
		{97AA40D4-D1DC-36B1-A149-D85CF94E9BA6}.MinSizeRel|Win32.ActiveCfg = MinSizeRel|Win32
		{97AA40D4-D1DC-36B1-A149-D85CF94E9BA6}.MinSizeRel|Win32.Build.0 = MinSizeRel|Win32
		{97AA40D4-D1DC-36B1-A149-D85CF94E9BA6}.RelWithDebInfo|Win32.ActiveCfg = RelWithDebInfo|Win32
		{97AA40D4-D1DC-36B1-A149-D85CF94E9BA6}.RelWithDebInfo|Win32.Build.0 = RelWithDebInfo|Win32
		{03FE4390-A46E-3AEA-9007-01854A8B8B48}.Debug|Win32.ActiveCfg = Debug|Win32
		{03FE4390-A46E-3AEA-9007-01854A8B8B48}.Debug|Win32.Build.0 = Debug|Win32
		{03FE4390-A46E-3AEA-9007-01854A8B8B48}.Release|Win32.ActiveCfg = Release|Win32
		{03FE4390-A46E-3AEA-9007-01854A8B8B48}.Release|Win32.Build.0 = Release|Win32
		{03FE4390-A46E-3AEA-9007-01854A8B8B48}.MinSizeRel|Win32.ActiveCfg = MinSizeRel|Win32
		{03FE4390-A46E-3AEA-9007-01854A8B8B48}.MinSizeRel|Win32.Build.0 = MinSizeRel|Win32
		{03FE4390-A46E-3AEA-9007-01854A8B8B48}.RelWithDebInfo|Win32.ActiveCfg = RelWithDebInfo|Win32
		{03FE4390-A46E-3AEA-9007-01854A8B8B48}.RelWithDebInfo|Win32.Build.0 = RelWithDebInfo|Win32
		{63FC63D5-042E-3F92-A15A-B0B9E49318B3}.Debug|Win32.ActiveCfg = Debug|Win32
		{63FC63D5-042E-3F92-A15A-B0B9E49318B3}.Debug|Win32.Build.0 = Debug|Win32
		{63FC63D5-042E-3F92-A15A-B0B9E49318B3}.Release|Win32.ActiveCfg = Release|Win32
		{63FC63D5-042E-3F92-A15A-B0B9E49318B3}.Release|Win32.Build.0 = Release|Win32
		{63FC63D5-042E-3F92-A15A-B0B9E49318B3}.MinSizeRel|Win32.ActiveCfg = MinSizeRel|Win32
		{63FC63D5-042E-3F92-A15A-B0B9E49318B3}.MinSizeRel|Win32.Build.0 = MinSizeRel|Win32
		{63FC63D5-042E-3F92-A15A-B0B9E49318B3}.RelWithDebInfo|Win32.ActiveCfg = RelWithDebInfo|Win32
		{63FC63D5-042E-3F92-A15A-B0B9E49318B3}.RelWithDebInfo|Win32.Build.0 = RelWithDebInfo|Win32
		{BDFAC13F-D33E-37B2-9A35-31B255847E0E}.Debug|Win32.ActiveCfg = Debug|Win32
		{BDFAC13F-D33E-37B2-9A35-31B255847E0E}.Debug|Win32.Build.0 = Debug|Win32
		{BDFAC13F-D33E-37B2-9A35-31B255847E0E}.Release|Win32.ActiveCfg = Release|Win32
		{BDFAC13F-D33E-37B2-9A35-31B255847E0E}.Release|Win32.Build.0 = Release|Win32
		{BDFAC13F-D33E-37B2-9A35-31B255847E0E}.MinSizeRel|Win32.ActiveCfg = MinSizeRel|Win32
		{BDFAC13F-D33E-37B2-9A35-31B255847E0E}.MinSizeRel|Win32.Build.0 = MinSizeRel|Win32
		{BDFAC13F-D33E-37B2-9A35-31B255847E0E}.RelWithDebInfo|Win32.ActiveCfg = RelWithDebInfo|Win32
		{BDFAC13F-D33E-37B2-9A35-31B255847E0E}.RelWithDebInfo|Win32.Build.0 = RelWithDebInfo|Win32
		{13FAC06D-B174-3FCB-A0D6-31177F0AF28B}.Debug|Win32.ActiveCfg = Debug|Win32
		{13FAC06D-B174-3FCB-A0D6-31177F0AF28B}.Debug|Win32.Build.0 = Debug|Win32
		{13FAC06D-B174-3FCB-A0D6-31177F0AF28B}.Release|Win32.ActiveCfg = Release|Win32
		{13FAC06D-B174-3FCB-A0D6-31177F0AF28B}.Release|Win32.Build.0 = Release|Win32
		{13FAC06D-B174-3FCB-A0D6-31177F0AF28B}.MinSizeRel|Win32.ActiveCfg = MinSizeRel|Win32
		{13FAC06D-B174-3FCB-A0D6-31177F0AF28B}.MinSizeRel|Win32.Build.0 = MinSizeRel|Win32
		{13FAC06D-B174-3FCB-A0D6-31177F0AF28B}.RelWithDebInfo|Win32.ActiveCfg = RelWithDebInfo|Win32
		{13FAC06D-B174-3FCB-A0D6-31177F0AF28B}.RelWithDebInfo|Win32.Build.0 = RelWithDebInfo|Win32
		{B0C1B6BE-94FB-3C02-A185-F4E79C9BE4CB}.Debug|Win32.ActiveCfg = Debug|Win32
		{B0C1B6BE-94FB-3C02-A185-F4E79C9BE4CB}.Debug|Win32.Build.0 = Debug|Win32
		{B0C1B6BE-94FB-3C02-A185-F4E79C9BE4CB}.Release|Win32.ActiveCfg = Release|Win32
		{B0C1B6BE-94FB-3C02-A185-F4E79C9BE4CB}.Release|Win32.Build.0 = Release|Win32
		{B0C1B6BE-94FB-3C02-A185-F4E79C9BE4CB}.MinSizeRel|Win32.ActiveCfg = MinSizeRel|Win32
		{B0C1B6BE-94FB-3C02-A185-F4E79C9BE4CB}.MinSizeRel|Win32.Build.0 = MinSizeRel|Win32
		{B0C1B6BE-94FB-3C02-A185-F4E79C9BE4CB}.RelWithDebInfo|Win32.ActiveCfg = RelWithDebInfo|Win32
		{B0C1B6BE-94FB-3C02-A185-F4E79C9BE4CB}.RelWithDebInfo|Win32.Build.0 = RelWithDebInfo|Win32
		{63D81D50-0058-3131-8660-B5C70CD04E4C}.Debug|Win32.ActiveCfg = Debug|Win32
		{63D81D50-0058-3131-8660-B5C70CD04E4C}.Debug|Win32.Build.0 = Debug|Win32
		{63D81D50-0058-3131-8660-B5C70CD04E4C}.Release|Win32.ActiveCfg = Release|Win32
		{63D81D50-0058-3131-8660-B5C70CD04E4C}.Release|Win32.Build.0 = Release|Win32
		{63D81D50-0058-3131-8660-B5C70CD04E4C}.MinSizeRel|Win32.ActiveCfg = MinSizeRel|Win32
		{63D81D50-0058-3131-8660-B5C70CD04E4C}.MinSizeRel|Win32.Build.0 = MinSizeRel|Win32
		{63D81D50-0058-3131-8660-B5C70CD04E4C}.RelWithDebInfo|Win32.ActiveCfg = RelWithDebInfo|Win32
		{63D81D50-0058-3131-8660-B5C70CD04E4C}.RelWithDebInfo|Win32.Build.0 = RelWithDebInfo|Win32
		{3BDC9132-1EF9-3E96-9178-29E49F43E96C}.Debug|Win32.ActiveCfg = Debug|Win32
		{3BDC9132-1EF9-3E96-9178-29E49F43E96C}.Debug|Win32.Build.0 = Debug|Win32
		{3BDC9132-1EF9-3E96-9178-29E49F43E96C}.Release|Win32.ActiveCfg = Release|Win32
		{3BDC9132-1EF9-3E96-9178-29E49F43E96C}.Release|Win32.Build.0 = Release|Win32
		{3BDC9132-1EF9-3E96-9178-29E49F43E96C}.MinSizeRel|Win32.ActiveCfg = MinSizeRel|Win32
		{3BDC9132-1EF9-3E96-9178-29E49F43E96C}.MinSizeRel|Win32.Build.0 = MinSizeRel|Win32
		{3BDC9132-1EF9-3E96-9178-29E49F43E96C}.RelWithDebInfo|Win32.ActiveCfg = RelWithDebInfo|Win32
		{3BDC9132-1EF9-3E96-9178-29E49F43E96C}.RelWithDebInfo|Win32.Build.0 = RelWithDebInfo|Win32
		{1120AF7F-992A-34B6-83E2-CA1D82799D5E}.Debug|Win32.ActiveCfg = Debug|Win32
		{1120AF7F-992A-34B6-83E2-CA1D82799D5E}.Debug|Win32.Build.0 = Debug|Win32
		{1120AF7F-992A-34B6-83E2-CA1D82799D5E}.Release|Win32.ActiveCfg = Release|Win32
		{1120AF7F-992A-34B6-83E2-CA1D82799D5E}.Release|Win32.Build.0 = Release|Win32
		{1120AF7F-992A-34B6-83E2-CA1D82799D5E}.MinSizeRel|Win32.ActiveCfg = MinSizeRel|Win32
		{1120AF7F-992A-34B6-83E2-CA1D82799D5E}.MinSizeRel|Win32.Build.0 = MinSizeRel|Win32
		{1120AF7F-992A-34B6-83E2-CA1D82799D5E}.RelWithDebInfo|Win32.ActiveCfg = RelWithDebInfo|Win32
		{1120AF7F-992A-34B6-83E2-CA1D82799D5E}.RelWithDebInfo|Win32.Build.0 = RelWithDebInfo|Win32
		{4E01C7DB-0066-3DC6-A450-0D0C385A8D08}.Debug|Win32.ActiveCfg = Debug|Win32
		{4E01C7DB-0066-3DC6-A450-0D0C385A8D08}.Debug|Win32.Build.0 = Debug|Win32
		{4E01C7DB-0066-3DC6-A450-0D0C385A8D08}.Release|Win32.ActiveCfg = Release|Win32
		{4E01C7DB-0066-3DC6-A450-0D0C385A8D08}.Release|Win32.Build.0 = Release|Win32
		{4E01C7DB-0066-3DC6-A450-0D0C385A8D08}.MinSizeRel|Win32.ActiveCfg = MinSizeRel|Win32
		{4E01C7DB-0066-3DC6-A450-0D0C385A8D08}.MinSizeRel|Win32.Build.0 = MinSizeRel|Win32
		{4E01C7DB-0066-3DC6-A450-0D0C385A8D08}.RelWithDebInfo|Win32.ActiveCfg = RelWithDebInfo|Win32
		{4E01C7DB-0066-3DC6-A450-0D0C385A8D08}.RelWithDebInfo|Win32.Build.0 = RelWithDebInfo|Win32
		{D636F841-F5CA-3C51-AFF5-C5ECCCDA7251}.Debug|Win32.ActiveCfg = Debug|Win32
		{D636F841-F5CA-3C51-AFF5-C5ECCCDA7251}.Debug|Win32.Build.0 = Debug|Win32
		{D636F841-F5CA-3C51-AFF5-C5ECCCDA7251}.Release|Win32.ActiveCfg = Release|Win32
		{D636F841-F5CA-3C51-AFF5-C5ECCCDA7251}.Release|Win32.Build.0 = Release|Win32
		{D636F841-F5CA-3C51-AFF5-C5ECCCDA7251}.MinSizeRel|Win32.ActiveCfg = MinSizeRel|Win32
		{D636F841-F5CA-3C51-AFF5-C5ECCCDA7251}.MinSizeRel|Win32.Build.0 = MinSizeRel|Win32
		{D636F841-F5CA-3C51-AFF5-C5ECCCDA7251}.RelWithDebInfo|Win32.ActiveCfg = RelWithDebInfo|Win32
		{D636F841-F5CA-3C51-AFF5-C5ECCCDA7251}.RelWithDebInfo|Win32.Build.0 = RelWithDebInfo|Win32
		{FEEE5234-8999-34F2-ACE3-0B4154FA4794}.Debug|Win32.ActiveCfg = Debug|Win32
		{FEEE5234-8999-34F2-ACE3-0B4154FA4794}.Debug|Win32.Build.0 = Debug|Win32
		{FEEE5234-8999-34F2-ACE3-0B4154FA4794}.Release|Win32.ActiveCfg = Release|Win32
		{FEEE5234-8999-34F2-ACE3-0B4154FA4794}.Release|Win32.Build.0 = Release|Win32
		{FEEE5234-8999-34F2-ACE3-0B4154FA4794}.MinSizeRel|Win32.ActiveCfg = MinSizeRel|Win32
		{FEEE5234-8999-34F2-ACE3-0B4154FA4794}.MinSizeRel|Win32.Build.0 = MinSizeRel|Win32
		{FEEE5234-8999-34F2-ACE3-0B4154FA4794}.RelWithDebInfo|Win32.ActiveCfg = RelWithDebInfo|Win32
		{FEEE5234-8999-34F2-ACE3-0B4154FA4794}.RelWithDebInfo|Win32.Build.0 = RelWithDebInfo|Win32
		{E4E66D9E-103B-3065-BCB6-C644F526A8DA}.Debug|Win32.ActiveCfg = Debug|Win32
		{E4E66D9E-103B-3065-BCB6-C644F526A8DA}.Debug|Win32.Build.0 = Debug|Win32
		{E4E66D9E-103B-3065-BCB6-C644F526A8DA}.Release|Win32.ActiveCfg = Release|Win32
		{E4E66D9E-103B-3065-BCB6-C644F526A8DA}.Release|Win32.Build.0 = Release|Win32
		{E4E66D9E-103B-3065-BCB6-C644F526A8DA}.MinSizeRel|Win32.ActiveCfg = MinSizeRel|Win32
		{E4E66D9E-103B-3065-BCB6-C644F526A8DA}.MinSizeRel|Win32.Build.0 = MinSizeRel|Win32
		{E4E66D9E-103B-3065-BCB6-C644F526A8DA}.RelWithDebInfo|Win32.ActiveCfg = RelWithDebInfo|Win32
		{E4E66D9E-103B-3065-BCB6-C644F526A8DA}.RelWithDebInfo|Win32.Build.0 = RelWithDebInfo|Win32
	EndGlobalSection
	GlobalSection(NestedProjects) = preSolution
		{7DECE4CD-3134-34C4-A4A9-30B7FD8A266D} = {35EF185A-BA66-32E4-BFC0-A7BF4E71BA6A}
		{97AA40D4-D1DC-36B1-A149-D85CF94E9BA6} = {35EF185A-BA66-32E4-BFC0-A7BF4E71BA6A}
		{63FC63D5-042E-3F92-A15A-B0B9E49318B3} = {4F909C58-ADA1-38D0-8D2D-B8571C9FC4E2}
		{BDFAC13F-D33E-37B2-9A35-31B255847E0E} = {4F909C58-ADA1-38D0-8D2D-B8571C9FC4E2}
		{13FAC06D-B174-3FCB-A0D6-31177F0AF28B} = {4F909C58-ADA1-38D0-8D2D-B8571C9FC4E2}
		{B0C1B6BE-94FB-3C02-A185-F4E79C9BE4CB} = {4F909C58-ADA1-38D0-8D2D-B8571C9FC4E2}
		{63D81D50-0058-3131-8660-B5C70CD04E4C} = {4F909C58-ADA1-38D0-8D2D-B8571C9FC4E2}
		{3BDC9132-1EF9-3E96-9178-29E49F43E96C} = {4F909C58-ADA1-38D0-8D2D-B8571C9FC4E2}
		{1120AF7F-992A-34B6-83E2-CA1D82799D5E} = {4F909C58-ADA1-38D0-8D2D-B8571C9FC4E2}
		{4E01C7DB-0066-3DC6-A450-0D0C385A8D08} = {4F909C58-ADA1-38D0-8D2D-B8571C9FC4E2}
		{D636F841-F5CA-3C51-AFF5-C5ECCCDA7251} = {4F909C58-ADA1-38D0-8D2D-B8571C9FC4E2}
		{FEEE5234-8999-34F2-ACE3-0B4154FA4794} = {4F909C58-ADA1-38D0-8D2D-B8571C9FC4E2}
		{E4E66D9E-103B-3065-BCB6-C644F526A8DA} = {4F909C58-ADA1-38D0-8D2D-B8571C9FC4E2}
		{03FE4390-A46E-3AEA-9007-01854A8B8B48} = {64F8FF06-FF2B-3BF3-8244-B8FD026BC460}
		{646C4912-B9D9-368A-A370-21A1D68CCA9E} = {E51B544D-72E6-3242-8D9A-ABAE21025F3A}
	EndGlobalSection
	GlobalSection(ExtensibilityGlobals) = postSolution
		SolutionGuid = {BE7A95FC-2946-3F77-A5F3-C4F27B1A93A8}
	EndGlobalSection
	GlobalSection(ExtensibilityAddIns) = postSolution
	EndGlobalSection
EndGlobal
